<?xml version="1.0" encoding="utf-8"?>
<Project ToolsVersion="4.0" xmlns="http://schemas.microsoft.com/developer/msbuild/2003">
  <ItemGroup>
    <Filter Include="Source Files">
      <UniqueIdentifier>{4FC737F1-C7A5-4376-A066-2A32D752A2FF}</UniqueIdentifier>
      <Extensions>cpp;c;cc;cxx;def;odl;idl;hpj;bat;asm;asmx</Extensions>
    </Filter>
    <Filter Include="Header Files">
      <UniqueIdentifier>{93995380-89BD-4b04-88EB-625FBE52EBFB}</UniqueIdentifier>
      <Extensions>h;hh;hpp;hxx;hm;inl;inc;ipp;xsd</Extensions>
    </Filter>
    <Filter Include="Resource Files">
      <UniqueIdentifier>{67DA6AB6-F800-4c08-8B7A-83BB121AAD01}</UniqueIdentifier>
      <Extensions>rc;ico;cur;bmp;dlg;rc2;rct;bin;rgs;gif;jpg;jpeg;jpe;resx;tiff;tif;png;wav;mfcribbon-ms</Extensions>
    </Filter>
  </ItemGroup>
  <ItemGroup>
    <ClCompile Include="Lab8-11.cpp">
      <Filter>Source Files</Filter>
    </ClCompile>
    <ClCompile Include="animal.cpp">
      <Filter>Source Files</Filter>
    </ClCompile>
    <ClCompile Include="produs.cpp">
      <Filter>Source Files</Filter>
    </ClCompile>
    <ClCompile Include="user.cpp">
      <Filter>Source Files</Filter>
    </ClCompile>
    <ClCompile Include="utils.cpp">
      <Filter>Source Files</Filter>
    </ClCompile>
    <ClCompile Include="Entitate.cpp">
      <Filter>Source Files</Filter>
    </ClCompile>
    <ClCompile Include="test.cpp">
      <Filter>Source Files</Filter>
    </ClCompile>
    <ClCompile Include="RepoFile.cpp">
      <Filter>Source Files</Filter>
    </ClCompile>
    <ClCompile Include="RepoCSV.cpp">
      <Filter>Source Files</Filter>
    </ClCompile>
    <ClCompile Include="RepoTXT.cpp">
      <Filter>Source Files</Filter>
    </ClCompile>
    <ClCompile Include="testEntitate.cpp">
      <Filter>Source Files</Filter>
    </ClCompile>
    <ClCompile Include="service.cpp">
      <Filter>Source Files</Filter>
    </ClCompile>
    <ClCompile Include="RepoUser.cpp">
      <Filter>Source Files</Filter>
    </ClCompile>
    <ClCompile Include="UI.cpp">
      <Filter>Source Files</Filter>
    </ClCompile>
    <ClCompile Include="testService.cpp">
      <Filter>Source Files</Filter>
    </ClCompile>
    <ClCompile Include="ValidatorEntitate.cpp">
      <Filter>Source Files</Filter>
    </ClCompile>
    <ClCompile Include="ValidatorProdus.cpp">
      <Filter>Source Files</Filter>
    </ClCompile>
    <ClCompile Include="ValidatorAnimal.cpp">
      <Filter>Source Files</Filter>
    </ClCompile>
  </ItemGroup>
  <ItemGroup>
    <ClInclude Include="animal.h">
      <Filter>Header Files</Filter>
    </ClInclude>
    <ClInclude Include="produs.h">
      <Filter>Header Files</Filter>
    </ClInclude>
    <ClInclude Include="RepoTXT.h">
      <Filter>Header Files</Filter>
    </ClInclude>
    <ClInclude Include="RepoCSV.h">
      <Filter>Header Files</Filter>
    </ClInclude>
    <ClInclude Include="utils.h">
      <Filter>Header Files</Filter>
    </ClInclude>
    <ClInclude Include="Entitate.h">
      <Filter>Header Files</Filter>
    </ClInclude>
    <ClInclude Include="test.h">
      <Filter>Header Files</Filter>
    </ClInclude>
    <ClInclude Include="user.h">
      <Filter>Header Files</Filter>
    </ClInclude>
    <ClInclude Include="RepoFile.h">
      <Filter>Header Files</Filter>
    </ClInclude>
    <ClInclude Include="testEntitate.h">
      <Filter>Header Files</Filter>
    </ClInclude>
    <ClInclude Include="service.h">
      <Filter>Header Files</Filter>
    </ClInclude>
    <ClInclude Include="RepoUser.h">
      <Filter>Header Files</Filter>
    </ClInclude>
    <ClInclude Include="UI.h">
      <Filter>Header Files</Filter>
    </ClInclude>
    <ClInclude Include="TestService.h">
      <Filter>Header Files</Filter>
    </ClInclude>
    <ClInclude Include="ValidatorAnimal.h">
      <Filter>Header Files</Filter>
    </ClInclude>
    <ClInclude Include="ValidatorEntitate.h">
      <Filter>Header Files</Filter>
    </ClInclude>
    <ClInclude Include="ValidatorException.h">
      <Filter>Header Files</Filter>
    </ClInclude>
    <ClInclude Include="RepoException.h">
      <Filter>Header Files</Filter>
    </ClInclude>
    <ClInclude Include="ValidatorProdus.h">
      <Filter>Header Files</Filter>
    </ClInclude>
  </ItemGroup>
  <ItemGroup>
    <Text Include="testProduseIn.txt">
      <Filter>Resource Files</Filter>
    </Text>
    <Text Include="testProduseOut.txt">
      <Filter>Resource Files</Filter>
    </Text>
    <Text Include="produse.txt">
      <Filter>Resource Files</Filter>
    </Text>
    <Text Include="testService.txt">
      <Filter>Resource Files</Filter>
    </Text>
    <Text Include="test.txt">
      <Filter>Resource Files</Filter>
    </Text>
    <Text Include="testLive12.txt">
      <Filter>Resource Files</Filter>
    </Text>
  </ItemGroup>
  <ItemGroup>
    <None Include="testProduseIn.csv">
      <Filter>Resource Files</Filter>
    </None>
    <None Include="testProduseOut.csv">
      <Filter>Resource Files</Filter>
    </None>
    <None Include="produse.csv">
      <Filter>Resource Files</Filter>
    </None>
  </ItemGroup>
</Project>